{
  "requires": true,
  "lockfileVersion": 1,
  "dependencies": {
    "vuetify": {
      "version": "2.4.4",
      "resolved": "https://registry.npmjs.org/vuetify/-/vuetify-2.4.4.tgz",
      "integrity": "sha512-/4+xX9XbcwXBjrtptDxm5S4NXVaVGF8UJ3U7Nk20fl4aM84PGgGyqVCfi8hVa8t1gd+2Wz4FCztbR7JgJcBIQQ=="
    }
  }
}
